
Microsoft Visual Studio Solution File, Format Version 12.00
# Visual Studio Version 16
VisualStudioVersion = 16.0.30114.105
MinimumVisualStudioVersion = 10.0.40219.1
Project("{FAE04EC0-301F-11D3-BF4B-00C04F79EFBC}") = "StealthGame", "StealthGame\StealthGame.csproj", "{469E04E9-9C93-4A28-88E7-4F4720AC4121}"
EndProject
Project("{2150E333-8FDC-42A3-9474-1A3956D46DE8}") = "machina", "machina", "{8E694CCB-6EA3-4551-AAC0-ED82E2075FE0}"
EndProject
Project("{FAE04EC0-301F-11D3-BF4B-00C04F79EFBC}") = "Machina", "machina\Machina\Machina.csproj", "{4E538349-4060-4F6F-8286-A7EF214C0977}"
EndProject
Project("{FAE04EC0-301F-11D3-BF4B-00C04F79EFBC}") = "TestMachina", "machina\TestMachina\TestMachina.csproj", "{F2980FDD-8E8B-48ED-A28D-BFFECCD37729}"
EndProject
Project("{D954291E-2A0B-460D-934E-DC6B0785DB48}") = "MachinaAssets", "machina\MachinaAssets\MachinaAssets.shproj", "{A0CDBD0E-3A41-42B7-9425-A838BC2C7383}"
EndProject
Global
	GlobalSection(SolutionConfigurationPlatforms) = preSolution
		Debug|Any CPU = Debug|Any CPU
		Debug|x64 = Debug|x64
		Debug|x86 = Debug|x86
		Release|Any CPU = Release|Any CPU
		Release|x64 = Release|x64
		Release|x86 = Release|x86
	EndGlobalSection
	GlobalSection(SolutionProperties) = preSolution
		HideSolutionNode = FALSE
	EndGlobalSection
	GlobalSection(ProjectConfigurationPlatforms) = postSolution
		{469E04E9-9C93-4A28-88E7-4F4720AC4121}.Debug|Any CPU.ActiveCfg = Debug|Any CPU
		{469E04E9-9C93-4A28-88E7-4F4720AC4121}.Debug|Any CPU.Build.0 = Debug|Any CPU
		{469E04E9-9C93-4A28-88E7-4F4720AC4121}.Debug|x64.ActiveCfg = Debug|Any CPU
		{469E04E9-9C93-4A28-88E7-4F4720AC4121}.Debug|x64.Build.0 = Debug|Any CPU
		{469E04E9-9C93-4A28-88E7-4F4720AC4121}.Debug|x86.ActiveCfg = Debug|Any CPU
		{469E04E9-9C93-4A28-88E7-4F4720AC4121}.Debug|x86.Build.0 = Debug|Any CPU
		{469E04E9-9C93-4A28-88E7-4F4720AC4121}.Release|Any CPU.ActiveCfg = Release|Any CPU
		{469E04E9-9C93-4A28-88E7-4F4720AC4121}.Release|Any CPU.Build.0 = Release|Any CPU
		{469E04E9-9C93-4A28-88E7-4F4720AC4121}.Release|x64.ActiveCfg = Release|Any CPU
		{469E04E9-9C93-4A28-88E7-4F4720AC4121}.Release|x64.Build.0 = Release|Any CPU
		{469E04E9-9C93-4A28-88E7-4F4720AC4121}.Release|x86.ActiveCfg = Release|Any CPU
		{469E04E9-9C93-4A28-88E7-4F4720AC4121}.Release|x86.Build.0 = Release|Any CPU
		{4E538349-4060-4F6F-8286-A7EF214C0977}.Debug|Any CPU.ActiveCfg = Debug|Any CPU
		{4E538349-4060-4F6F-8286-A7EF214C0977}.Debug|Any CPU.Build.0 = Debug|Any CPU
		{4E538349-4060-4F6F-8286-A7EF214C0977}.Debug|x64.ActiveCfg = Debug|Any CPU
		{4E538349-4060-4F6F-8286-A7EF214C0977}.Debug|x64.Build.0 = Debug|Any CPU
		{4E538349-4060-4F6F-8286-A7EF214C0977}.Debug|x86.ActiveCfg = Debug|Any CPU
		{4E538349-4060-4F6F-8286-A7EF214C0977}.Debug|x86.Build.0 = Debug|Any CPU
		{4E538349-4060-4F6F-8286-A7EF214C0977}.Release|Any CPU.ActiveCfg = Release|Any CPU
		{4E538349-4060-4F6F-8286-A7EF214C0977}.Release|Any CPU.Build.0 = Release|Any CPU
		{4E538349-4060-4F6F-8286-A7EF214C0977}.Release|x64.ActiveCfg = Release|Any CPU
		{4E538349-4060-4F6F-8286-A7EF214C0977}.Release|x64.Build.0 = Release|Any CPU
		{4E538349-4060-4F6F-8286-A7EF214C0977}.Release|x86.ActiveCfg = Release|Any CPU
		{4E538349-4060-4F6F-8286-A7EF214C0977}.Release|x86.Build.0 = Release|Any CPU
		{F2980FDD-8E8B-48ED-A28D-BFFECCD37729}.Debug|Any CPU.ActiveCfg = Debug|Any CPU
		{F2980FDD-8E8B-48ED-A28D-BFFECCD37729}.Debug|Any CPU.Build.0 = Debug|Any CPU
		{F2980FDD-8E8B-48ED-A28D-BFFECCD37729}.Debug|x64.ActiveCfg = Debug|Any CPU
		{F2980FDD-8E8B-48ED-A28D-BFFECCD37729}.Debug|x64.Build.0 = Debug|Any CPU
		{F2980FDD-8E8B-48ED-A28D-BFFECCD37729}.Debug|x86.ActiveCfg = Debug|Any CPU
		{F2980FDD-8E8B-48ED-A28D-BFFECCD37729}.Debug|x86.Build.0 = Debug|Any CPU
		{F2980FDD-8E8B-48ED-A28D-BFFECCD37729}.Release|Any CPU.ActiveCfg = Release|Any CPU
		{F2980FDD-8E8B-48ED-A28D-BFFECCD37729}.Release|Any CPU.Build.0 = Release|Any CPU
		{F2980FDD-8E8B-48ED-A28D-BFFECCD37729}.Release|x64.ActiveCfg = Release|Any CPU
		{F2980FDD-8E8B-48ED-A28D-BFFECCD37729}.Release|x64.Build.0 = Release|Any CPU
		{F2980FDD-8E8B-48ED-A28D-BFFECCD37729}.Release|x86.ActiveCfg = Release|Any CPU
		{F2980FDD-8E8B-48ED-A28D-BFFECCD37729}.Release|x86.Build.0 = Release|Any CPU
	EndGlobalSection
	GlobalSection(NestedProjects) = preSolution
		{4E538349-4060-4F6F-8286-A7EF214C0977} = {8E694CCB-6EA3-4551-AAC0-ED82E2075FE0}
		{F2980FDD-8E8B-48ED-A28D-BFFECCD37729} = {8E694CCB-6EA3-4551-AAC0-ED82E2075FE0}
		{A0CDBD0E-3A41-42B7-9425-A838BC2C7383} = {8E694CCB-6EA3-4551-AAC0-ED82E2075FE0}
	EndGlobalSection
EndGlobal
